
Microsoft Visual Studio Solution File, Format Version 12.00
# Visual Studio 15
Project("{FAE04EC0-301F-11D3-BF4B-00C04F79EFBC}") = "ParadoxNotion", "ParadoxNotion.csproj", "{ABF86E8F-7798-0A30-3B5F-5FA8245E29B6}"
EndProject
Project("{FAE04EC0-301F-11D3-BF4B-00C04F79EFBC}") = "Assembly-CSharp", "Assembly-CSharp.csproj", "{1847E490-F813-30B3-2CE6-1A805AAAD33C}"
EndProject
Project("{FAE04EC0-301F-11D3-BF4B-00C04F79EFBC}") = "Assembly-CSharp-Editor", "Assembly-CSharp-Editor.csproj", "{C6626D8C-AE42-C32E-6E6F-7AC36BDE1EC9}"
EndProject
Global
	GlobalSection(SolutionConfigurationPlatforms) = preSolution
		Debug|Any CPU = Debug|Any CPU
		Release|Any CPU = Release|Any CPU
	EndGlobalSection
	GlobalSection(ProjectConfigurationPlatforms) = postSolution
		{ABF86E8F-7798-0A30-3B5F-5FA8245E29B6}.Debug|Any CPU.ActiveCfg = Debug|Any CPU
		{ABF86E8F-7798-0A30-3B5F-5FA8245E29B6}.Debug|Any CPU.Build.0 = Debug|Any CPU
		{ABF86E8F-7798-0A30-3B5F-5FA8245E29B6}.Release|Any CPU.ActiveCfg = Release|Any CPU
		{ABF86E8F-7798-0A30-3B5F-5FA8245E29B6}.Release|Any CPU.Build.0 = Release|Any CPU
		{1847E490-F813-30B3-2CE6-1A805AAAD33C}.Debug|Any CPU.ActiveCfg = Debug|Any CPU
		{1847E490-F813-30B3-2CE6-1A805AAAD33C}.Debug|Any CPU.Build.0 = Debug|Any CPU
		{1847E490-F813-30B3-2CE6-1A805AAAD33C}.Release|Any CPU.ActiveCfg = Release|Any CPU
		{1847E490-F813-30B3-2CE6-1A805AAAD33C}.Release|Any CPU.Build.0 = Release|Any CPU
		{C6626D8C-AE42-C32E-6E6F-7AC36BDE1EC9}.Debug|Any CPU.ActiveCfg = Debug|Any CPU
		{C6626D8C-AE42-C32E-6E6F-7AC36BDE1EC9}.Debug|Any CPU.Build.0 = Debug|Any CPU
		{C6626D8C-AE42-C32E-6E6F-7AC36BDE1EC9}.Release|Any CPU.ActiveCfg = Release|Any CPU
		{C6626D8C-AE42-C32E-6E6F-7AC36BDE1EC9}.Release|Any CPU.Build.0 = Release|Any CPU
	EndGlobalSection
	GlobalSection(SolutionProperties) = preSolution
		HideSolutionNode = FALSE
	EndGlobalSection
EndGlobal
